
Microsoft Visual Studio Solution File, Format Version 12.00
# Visual Studio 2012
Project("{FAE04EC0-301F-11D3-BF4B-00C04F79EFBC}") = "LeeArchivosYAcomoda", "LeeArchivosYAcomoda\LeeArchivosYAcomoda.csproj", "{603A0364-FDA5-440D-84BE-166659740D24}"
EndProject
Global
	GlobalSection(SolutionConfigurationPlatforms) = preSolution
		Debug|Any CPU = Debug|Any CPU
		Release|Any CPU = Release|Any CPU
	EndGlobalSection
	GlobalSection(ProjectConfigurationPlatforms) = postSolution
		{603A0364-FDA5-440D-84BE-166659740D24}.Debug|Any CPU.ActiveCfg = Debug|Any CPU
		{603A0364-FDA5-440D-84BE-166659740D24}.Debug|Any CPU.Build.0 = Debug|Any CPU
		{603A0364-FDA5-440D-84BE-166659740D24}.Release|Any CPU.ActiveCfg = Release|Any CPU
		{603A0364-FDA5-440D-84BE-166659740D24}.Release|Any CPU.Build.0 = Release|Any CPU
	EndGlobalSection
	GlobalSection(SolutionProperties) = preSolution
		HideSolutionNode = FALSE
	EndGlobalSection
EndGlobal
